// !$*UTF8*$!
{
	archiveVersion = 1;
	classes = {
	};
	objectVersion = 46;
	objects = {

/* Begin PBXBuildFile section */
		0412BD601D092C3F00ACE9A1 /* main.m in Sources */ = {isa = PBXBuildFile; fileRef = 0412BD5F1D092C3F00ACE9A1 /* main.m */; };
		0412BD631D092C3F00ACE9A1 /* AppDelegate.m in Sources */ = {isa = PBXBuildFile; fileRef = 0412BD621D092C3F00ACE9A1 /* AppDelegate.m */; };
		0412BD6B1D092C3F00ACE9A1 /* Assets.xcassets in Resources */ = {isa = PBXBuildFile; fileRef = 0412BD6A1D092C3F00ACE9A1 /* Assets.xcassets */; };
		0412BD6E1D092C3F00ACE9A1 /* LaunchScreen.storyboard in Resources */ = {isa = PBXBuildFile; fileRef = 0412BD6C1D092C3F00ACE9A1 /* LaunchScreen.storyboard */; };
		0412BD771D09317700ACE9A1 /* RZYContainerViewController.m in Sources */ = {isa = PBXBuildFile; fileRef = 0412BD761D09317700ACE9A1 /* RZYContainerViewController.m */; };
		0412BD7A1D0934FB00ACE9A1 /* RZYMenuViewController.m in Sources */ = {isa = PBXBuildFile; fileRef = 0412BD791D0934FB00ACE9A1 /* RZYMenuViewController.m */; };
		0412BD7D1D09428300ACE9A1 /* RZYFirstViewController.m in Sources */ = {isa = PBXBuildFile; fileRef = 0412BD7C1D09428300ACE9A1 /* RZYFirstViewController.m */; };
		0412BD801D09429D00ACE9A1 /* RZYSecondViewController.m in Sources */ = {isa = PBXBuildFile; fileRef = 0412BD7F1D09429D00ACE9A1 /* RZYSecondViewController.m */; };
/* End PBXBuildFile section */

/* Begin PBXFileReference section */
		0412BD5B1D092C3F00ACE9A1 /* RZYDrawer.app */ = {isa = PBXFileReference; explicitFileType = wrapper.application; includeInIndex = 0; path = RZYDrawer.app; sourceTree = BUILT_PRODUCTS_DIR; };
		0412BD5F1D092C3F00ACE9A1 /* main.m */ = {isa = PBXFileReference; lastKnownFileType = sourcecode.c.objc; path = main.m; sourceTree = "<group>"; };
		0412BD611D092C3F00ACE9A1 /* AppDelegate.h */ = {isa = PBXFileReference; lastKnownFileType = sourcecode.c.h; path = AppDelegate.h; sourceTree = "<group>"; };
		0412BD621D092C3F00ACE9A1 /* AppDelegate.m */ = {isa = PBXFileReference; lastKnownFileType = sourcecode.c.objc; path = AppDelegate.m; sourceTree = "<group>"; };
		0412BD6A1D092C3F00ACE9A1 /* Assets.xcassets */ = {isa = PBXFileReference; lastKnownFileType = folder.assetcatalog; path = Assets.xcassets; sourceTree = "<group>"; };
		0412BD6D1D092C3F00ACE9A1 /* Base */ = {isa = PBXFileReference; lastKnownFileType = file.storyboard; name = Base; path = Base.lproj/LaunchScreen.storyboard; sourceTree = "<group>"; };
		0412BD6F1D092C3F00ACE9A1 /* Info.plist */ = {isa = PBXFileReference; lastKnownFileType = text.plist.xml; path = Info.plist; sourceTree = "<group>"; };
		0412BD751D09317700ACE9A1 /* RZYContainerViewController.h */ = {isa = PBXFileReference; fileEncoding = 4; lastKnownFileType = sourcecode.c.h; path = RZYContainerViewController.h; sourceTree = "<group>"; };
		0412BD761D09317700ACE9A1 /* RZYContainerViewController.m */ = {isa = PBXFileReference; fileEncoding = 4; lastKnownFileType = sourcecode.c.objc; path = RZYContainerViewController.m; sourceTree = "<group>"; };
		0412BD781D0934FB00ACE9A1 /* RZYMenuViewController.h */ = {isa = PBXFileReference; fileEncoding = 4; lastKnownFileType = sourcecode.c.h; path = RZYMenuViewController.h; sourceTree = "<group>"; };
		0412BD791D0934FB00ACE9A1 /* RZYMenuViewController.m */ = {isa = PBXFileReference; fileEncoding = 4; lastKnownFileType = sourcecode.c.objc; path = RZYMenuViewController.m; sourceTree = "<group>"; };
		0412BD7B1D09428200ACE9A1 /* RZYFirstViewController.h */ = {isa = PBXFileReference; fileEncoding = 4; lastKnownFileType = sourcecode.c.h; path = RZYFirstViewController.h; sourceTree = "<group>"; };
		0412BD7C1D09428300ACE9A1 /* RZYFirstViewController.m */ = {isa = PBXFileReference; fileEncoding = 4; lastKnownFileType = sourcecode.c.objc; path = RZYFirstViewController.m; sourceTree = "<group>"; };
		0412BD7E1D09429D00ACE9A1 /* RZYSecondViewController.h */ = {isa = PBXFileReference; fileEncoding = 4; lastKnownFileType = sourcecode.c.h; path = RZYSecondViewController.h; sourceTree = "<group>"; };
		0412BD7F1D09429D00ACE9A1 /* RZYSecondViewController.m */ = {isa = PBXFileReference; fileEncoding = 4; lastKnownFileType = sourcecode.c.objc; path = RZYSecondViewController.m; sourceTree = "<group>"; };
/* End PBXFileReference section */

/* Begin PBXFrameworksBuildPhase section */
		0412BD581D092C3F00ACE9A1 /* Frameworks */ = {
			isa = PBXFrameworksBuildPhase;
			buildActionMask = 2147483647;
			files = (
			);
			runOnlyForDeploymentPostprocessing = 0;
		};
/* End PBXFrameworksBuildPhase section */

/* Begin PBXGroup section */
		0412BD521D092C3F00ACE9A1 = {
			isa = PBXGroup;
			children = (
				0412BD5D1D092C3F00ACE9A1 /* RZYDrawer */,
				0412BD5C1D092C3F00ACE9A1 /* Products */,
			);
			sourceTree = "<group>";
		};
		0412BD5C1D092C3F00ACE9A1 /* Products */ = {
			isa = PBXGroup;
			children = (
				0412BD5B1D092C3F00ACE9A1 /* RZYDrawer.app */,
			);
			name = Products;
			sourceTree = "<group>";
		};
		0412BD5D1D092C3F00ACE9A1 /* RZYDrawer */ = {
			isa = PBXGroup;
			children = (
				0412BD611D092C3F00ACE9A1 /* AppDelegate.h */,
				0412BD621D092C3F00ACE9A1 /* AppDelegate.m */,
				0412BD751D09317700ACE9A1 /* RZYContainerViewController.h */,
				0412BD761D09317700ACE9A1 /* RZYContainerViewController.m */,
				0412BD781D0934FB00ACE9A1 /* RZYMenuViewController.h */,
				0412BD791D0934FB00ACE9A1 /* RZYMenuViewController.m */,
				0412BD7B1D09428200ACE9A1 /* RZYFirstViewController.h */,
				0412BD7C1D09428300ACE9A1 /* RZYFirstViewController.m */,
				0412BD7E1D09429D00ACE9A1 /* RZYSecondViewController.h */,
				0412BD7F1D09429D00ACE9A1 /* RZYSecondViewController.m */,
				0412BD6A1D092C3F00ACE9A1 /* Assets.xcassets */,
				0412BD6C1D092C3F00ACE9A1 /* LaunchScreen.storyboard */,
				0412BD6F1D092C3F00ACE9A1 /* Info.plist */,
				0412BD5E1D092C3F00ACE9A1 /* Supporting Files */,
			);
			path = RZYDrawer;
			sourceTree = "<group>";
		};
		0412BD5E1D092C3F00ACE9A1 /* Supporting Files */ = {
			isa = PBXGroup;
			children = (
				0412BD5F1D092C3F00ACE9A1 /* main.m */,
			);
			name = "Supporting Files";
			sourceTree = "<group>";
		};
/* End PBXGroup section */

/* Begin PBXNativeTarget section */
		0412BD5A1D092C3F00ACE9A1 /* RZYDrawer */ = {
			isa = PBXNativeTarget;
			buildConfigurationList = 0412BD721D092C3F00ACE9A1 /* Build configuration list for PBXNativeTarget "RZYDrawer" */;
			buildPhases = (
				0412BD571D092C3F00ACE9A1 /* Sources */,
				0412BD581D092C3F00ACE9A1 /* Frameworks */,
				0412BD591D092C3F00ACE9A1 /* Resources */,
			);
			buildRules = (
			);
			dependencies = (
			);
			name = RZYDrawer;
			productName = RZYDrawer;
			productReference = 0412BD5B1D092C3F00ACE9A1 /* RZYDrawer.app */;
			productType = "com.apple.product-type.application";
		};
/* End PBXNativeTarget section */

/* Begin PBXProject section */
		0412BD531D092C3F00ACE9A1 /* Project object */ = {
			isa = PBXProject;
			attributes = {
				CLASSPREFIX = RZY;
				LastUpgradeCheck = 0730;
				ORGANIZATIONNAME = mac;
				TargetAttributes = {
					0412BD5A1D092C3F00ACE9A1 = {
						CreatedOnToolsVersion = 7.3.1;
						DevelopmentTeam = DFARS7X79T;
					};
				};
			};
			buildConfigurationList = 0412BD561D092C3F00ACE9A1 /* Build configuration list for PBXProject "RZYDrawer" */;
			compatibilityVersion = "Xcode 3.2";
			developmentRegion = English;
			hasScannedForEncodings = 0;
			knownRegions = (
				en,
				Base,
			);
			mainGroup = 0412BD521D092C3F00ACE9A1;
			productRefGroup = 0412BD5C1D092C3F00ACE9A1 /* Products */;
			projectDirPath = "";
			projectRoot = "";
			targets = (
				0412BD5A1D092C3F00ACE9A1 /* RZYDrawer */,
			);
		};
/* End PBXProject section */

/* Begin PBXResourcesBuildPhase section */
		0412BD591D092C3F00ACE9A1 /* Resources */ = {
			isa = PBXResourcesBuildPhase;
			buildActionMask = 2147483647;
			files = (
				0412BD6E1D092C3F00ACE9A1 /* LaunchScreen.storyboard in Resources */,
				0412BD6B1D092C3F00ACE9A1 /* Assets.xcassets in Resources */,
			);
			runOnlyForDeploymentPostprocessing = 0;
		};
/* End PBXResourcesBuildPhase section */

/* Begin PBXSourcesBuildPhase section */
		0412BD571D092C3F00ACE9A1 /* Sources */ = {
			isa = PBXSourcesBuildPhase;
			buildActionMask = 2147483647;
			files = (
				0412BD801D09429D00ACE9A1 /* RZYSecondViewController.m in Sources */,
				0412BD631D092C3F00ACE9A1 /* AppDelegate.m in Sources */,
				0412BD771D09317700ACE9A1 /* RZYContainerViewController.m in Sources */,
				0412BD7D1D09428300ACE9A1 /* RZYFirstViewController.m in Sources */,
				0412BD601D092C3F00ACE9A1 /* main.m in Sources */,
				0412BD7A1D0934FB00ACE9A1 /* RZYMenuViewController.m in Sources */,
			);
			runOnlyForDeploymentPostprocessing = 0;
		};
/* End PBXSourcesBuildPhase section */

/* Begin PBXVariantGroup section */
		0412BD6C1D092C3F00ACE9A1 /* LaunchScreen.storyboard */ = {
			isa = PBXVariantGroup;
			children = (
				0412BD6D1D092C3F00ACE9A1 /* Base */,
			);
			name = LaunchScreen.storyboard;
			sourceTree = "<group>";
		};
/* End PBXVariantGroup section */

/* Begin XCBuildConfiguration section */
		0412BD701D092C3F00ACE9A1 /* Debug */ = {
			isa = XCBuildConfiguration;
			buildSettings = {
				ALWAYS_SEARCH_USER_PATHS = NO;
				CLANG_ANALYZER_NONNULL = YES;
				CLANG_CXX_LANGUAGE_STANDARD = "gnu++0x";
				CLANG_CXX_LIBRARY = "libc++";
				CLANG_ENABLE_MODULES = YES;
				CLANG_ENABLE_OBJC_ARC = YES;
				CLANG_WARN_BOOL_CONVERSION = YES;
				CLANG_WARN_CONSTANT_CONVERSION = YES;
				CLANG_WARN_DIRECT_OBJC_ISA_USAGE = YES_ERROR;
				CLANG_WARN_EMPTY_BODY = YES;
				CLANG_WARN_ENUM_CONVERSION = YES;
				CLANG_WARN_INT_CONVERSION = YES;
				CLANG_WARN_OBJC_ROOT_CLASS = YES_ERROR;
				CLANG_WARN_UNREACHABLE_CODE = YES;
				CLANG_WARN__DUPLICATE_METHOD_MATCH = YES;
				"CODE_SIGN_IDENTITY[sdk=iphoneos*]" = "iPhone Developer";
				COPY_PHASE_STRIP = NO;
				DEBUG_INFORMATION_FORMAT = dwarf;
				ENABLE_STRICT_OBJC_MSGSEND = YES;
				ENABLE_TESTABILITY = YES;
				GCC_C_LANGUAGE_STANDARD = gnu99;
				GCC_DYNAMIC_NO_PIC = NO;
				GCC_NO_COMMON_BLOCKS = YES;
				GCC_OPTIMIZATION_LEVEL = 0;
				GCC_PREPROCESSOR_DEFINITIONS = (
					"DEBUG=1",
					"$(inherited)",
				);
				GCC_WARN_64_TO_32_BIT_CONVERSION = YES;
				GCC_WARN_ABOUT_RETURN_TYPE = YES_ERROR;
				GCC_WARN_UNDECLARED_SELECTOR = YES;
				GCC_WARN_UNINITIALIZED_AUTOS = YES_AGGRESSIVE;
				GCC_WARN_UNUSED_FUNCTION = YES;
				GCC_WARN_UNUSED_VARIABLE = YES;
				IPHONEOS_DEPLOYMENT_TARGET = 9.3;
				MTL_ENABLE_DEBUG_INFO = YES;
				ONLY_ACTIVE_ARCH = YES;
				SDKROOT = iphoneos;
				TARGETED_DEVICE_FAMILY = "1,2";
			};
			name = Debug;
		};
		0412BD711D092C3F00ACE9A1 /* Release */ = {
			isa = XCBuildConfiguration;
			buildSettings = {
				ALWAYS_SEARCH_USER_PATHS = NO;
				CLANG_ANALYZER_NONNULL = YES;
				CLANG_CXX_LANGUAGE_STANDARD = "gnu++0x";
				CLANG_CXX_LIBRARY = "libc++";
				CLANG_ENABLE_MODULES = YES;
				CLANG_ENABLE_OBJC_ARC = YES;
				CLANG_WARN_BOOL_CONVERSION = YES;
				CLANG_WARN_CONSTANT_CONVERSION = YES;
				CLANG_WARN_DIRECT_OBJC_ISA_USAGE = YES_ERROR;
				CLANG_WARN_EMPTY_BODY = YES;
				CLANG_WARN_ENUM_CONVERSION = YES;
				CLANG_WARN_INT_CONVERSION = YES;
				CLANG_WARN_OBJC_ROOT_CLASS = YES_ERROR;
				CLANG_WARN_UNREACHABLE_CODE = YES;
				CLANG_WARN__DUPLICATE_METHOD_MATCH = YES;
				"CODE_SIGN_IDENTITY[sdk=iphoneos*]" = "iPhone Developer";
				COPY_PHASE_STRIP = NO;
				DEBUG_INFORMATION_FORMAT = "dwarf-with-dsym";
				ENABLE_NS_ASSERTIONS = NO;
				ENABLE_STRICT_OBJC_MSGSEND = YES;
				GCC_C_LANGUAGE_STANDARD = gnu99;
				GCC_NO_COMMON_BLOCKS = YES;
				GCC_WARN_64_TO_32_BIT_CONVERSION = YES;
				GCC_WARN_ABOUT_RETURN_TYPE = YES_ERROR;
				GCC_WARN_UNDECLARED_SELECTOR = YES;
				GCC_WARN_UNINITIALIZED_AUTOS = YES_AGGRESSIVE;
				GCC_WARN_UNUSED_FUNCTION = YES;
				GCC_WARN_UNUSED_VARIABLE = YES;
				IPHONEOS_DEPLOYMENT_TARGET = 9.3;
				MTL_ENABLE_DEBUG_INFO = NO;
				SDKROOT = iphoneos;
				TARGETED_DEVICE_FAMILY = "1,2";
				VALIDATE_PRODUCT = YES;
			};
			name = Release;
		};
		0412BD731D092C3F00ACE9A1 /* Debug */ = {
			isa = XCBuildConfiguration;
			buildSettings = {
				ASSETCATALOG_COMPILER_APPICON_NAME = AppIcon;
				INFOPLIST_FILE = RZYDrawer/Info.plist;
				LD_RUNPATH_SEARCH_PATHS = "$(inherited) @executable_path/Frameworks";
				PRODUCT_BUNDLE_IDENTIFIER = zhengyang.RZYDrawer;
				PRODUCT_NAME = "$(TARGET_NAME)";
			};
			name = Debug;
		};
		0412BD741D092C3F00ACE9A1 /* Release */ = {
			isa = XCBuildConfiguration;
			buildSettings = {
				ASSETCATALOG_COMPILER_APPICON_NAME = AppIcon;
				INFOPLIST_FILE = RZYDrawer/Info.plist;
				LD_RUNPATH_SEARCH_PATHS = "$(inherited) @executable_path/Frameworks";
				PRODUCT_BUNDLE_IDENTIFIER = zhengyang.RZYDrawer;
				PRODUCT_NAME = "$(TARGET_NAME)";
			};
			name = Release;
		};
/* End XCBuildConfiguration section */

/* Begin XCConfigurationList section */
		0412BD561D092C3F00ACE9A1 /* Build configuration list for PBXProject "RZYDrawer" */ = {
			isa = XCConfigurationList;
			buildConfigurations = (
				0412BD701D092C3F00ACE9A1 /* Debug */,
				0412BD711D092C3F00ACE9A1 /* Release */,
			);
			defaultConfigurationIsVisible = 0;
			defaultConfigurationName = Release;
		};
		0412BD721D092C3F00ACE9A1 /* Build configuration list for PBXNativeTarget "RZYDrawer" */ = {
			isa = XCConfigurationList;
			buildConfigurations = (
				0412BD731D092C3F00ACE9A1 /* Debug */,
				0412BD741D092C3F00ACE9A1 /* Release */,
			);
			defaultConfigurationIsVisible = 0;
		};
/* End XCConfigurationList section */
	};
	rootObject = 0412BD531D092C3F00ACE9A1 /* Project object */;
}
